lockfileVersion: '9.0'

settings:
  autoInstallPeers: true
  excludeLinksFromLockfile: false

importers:

  .:
    dependencies:
      graffle:
        specifier: file:..
        version: file:..(graphql@16.10.0)
    devDependencies:
      '@rollup/plugin-node-resolve':
        specifier: ^16.0.0
        version: 16.0.0(rollup@4.30.0)
      '@rollup/plugin-terser':
        specifier: ^0.4.4
        version: 0.4.4(rollup@4.30.0)
      '@rollup/plugin-typescript':
        specifier: ^12.1.2
        version: 12.1.2(rollup@4.30.0)(tslib@2.8.1)(typescript@5.7.2)
      '@tsconfig/node20':
        specifier: ^20.1.4
        version: 20.1.4
      '@tsconfig/strictest':
        specifier: ^2.0.5
        version: 2.0.5
      rollup:
        specifier: ^4.30.0
        version: 4.30.0
      rollup-plugin-bundle-stats:
        specifier: ^4.17.0
        version: 4.17.0(core-js@3.39.0)(rollup@4.30.0)
      rollup-plugin-visualizer:
        specifier: ^5.14.0
        version: 5.14.0(rollup@4.30.0)
      tslib:
        specifier: ^2.8.1
        version: 2.8.1
      typescript:
        specifier: ^5.7.2
        version: 5.7.2

packages:

  '@0no-co/graphql.web@1.0.12':
    resolution: {integrity: sha512-BTDjjsV/zSPy5fqItwm+KWUfh9CSe9tTtR6rCB72ddtkAxdcHbi4Ir4r/L1Et4lyxmL+i7Rb3m9sjLLi9tYrzA==}
    peerDependencies:
      graphql: ^14.0.0 || ^15.0.0 || ^16.0.0
    peerDependenciesMeta:
      graphql:
        optional: true

  '@bundle-stats/cli-utils@4.17.0':
    resolution: {integrity: sha512-JIQBOda71sEyDOfJ0/YIIatwVnEB8UsbyFmHbTZXMqVhPU7ddnRzmYmPgmnqPkhqss3tjArTHGS+HIL9Kvs7Cw==}
    engines: {node: '>= 14.0'}

  '@bundle-stats/html-templates@4.17.0':
    resolution: {integrity: sha512-B9AYHV1hyioS8S5qpWmP7vEn1npBWJHV/tSEHRFQTJOpGZdn6L0jHyzvofRvopqirTff++UpVS3TelN+Elh/tQ==}

  '@bundle-stats/plugin-webpack-filter@4.17.0':
    resolution: {integrity: sha512-sGC1c7oiRNKY19OLNB2Yha88Yt+UC7OJWlk8O6HBvN/OO8ACvZ6DuxRMNBXMyP0cDDAJlcY9v9rzy0bbnegzAw==}
    engines: {node: '>= 14.0'}
    peerDependencies:
      core-js: ^3.0.0

  '@bundle-stats/plugin-webpack-validate@4.17.0':
    resolution: {integrity: sha512-dsCAIYiQ1ohRt7wyR5gfQCT3OKLjHxRZ3F/uL0gnBO56+xnvDzO/s+A5QO4EerlXIRIUBW8JWWuYAhe8ccdFjA==}
    engines: {node: '>= 14.0'}

  '@bundle-stats/utils@4.17.0':
    resolution: {integrity: sha512-0/8/hebdV7QzPBZW7uyKClWpSsxVsQ/DfDwmNkmXSOq45eTeVNXozyvdYgwmLz0Ff9tVMyXu0Kb6iAVL6Hpt+g==}
    engines: {node: '>= 14.0'}
    peerDependencies:
      core-js: ^3.0.0
      lodash: ^4.0.0

  '@graphql-typed-document-node/core@3.2.0':
    resolution: {integrity: sha512-mB9oAsNCm9aM3/SOv4YtBMqZbYj10R7dkq8byBqxGY/ncFwhf2oQzMV+LCRlWoDSEBJ3COiR1yeDvMtsoOsuFQ==}
    peerDependencies:
      graphql: ^0.8.0 || ^0.9.0 || ^0.10.0 || ^0.11.0 || ^0.12.0 || ^0.13.0 || ^14.0.0 || ^15.0.0 || ^16.0.0 || ^17.0.0

  '@jridgewell/gen-mapping@0.3.8':
    resolution: {integrity: sha512-imAbBGkb+ebQyxKgzv5Hu2nmROxoDOXHh80evxdoXNOrvAnVx7zimzc1Oo5h9RlfV4vPXaE2iM5pOFbvOCClWA==}
    engines: {node: '>=6.0.0'}

  '@jridgewell/resolve-uri@3.1.2':
    resolution: {integrity: sha512-bRISgCIjP20/tbWSPWMEi54QVPRZExkuD9lJL+UIxUKtwVJA8wW1Trb1jMs1RFXo1CBTNZ/5hpC9QvmKWdopKw==}
    engines: {node: '>=6.0.0'}

  '@jridgewell/set-array@1.2.1':
    resolution: {integrity: sha512-R8gLRTZeyp03ymzP/6Lil/28tGeGEzhx1q2k703KGWRAI1VdvPIXdG70VJc2pAMw3NA6JKL5hhFu1sJX0Mnn/A==}
    engines: {node: '>=6.0.0'}

  '@jridgewell/source-map@0.3.6':
    resolution: {integrity: sha512-1ZJTZebgqllO79ue2bm3rIGud/bOe0pP5BjSRCRxxYkEZS8STV7zN84UBbiYu7jy+eCKSnVIUgoWWE/tt+shMQ==}

  '@jridgewell/sourcemap-codec@1.5.0':
    resolution: {integrity: sha512-gv3ZRaISU3fjPAgNsriBRqGWQL6quFx04YMPW/zD8XMLsU32mhCCbfbO6KZFLjvYpCZ8zyDEgqsgf+PwPaM7GQ==}

  '@jridgewell/trace-mapping@0.3.25':
    resolution: {integrity: sha512-vNk6aEwybGtawWmy/PzwnGDOjCkLWSD2wqvjGGAgOAwCGWySYXfYoxt00IJkTF+8Lb57DwOb3Aa0o9CApepiYQ==}

  '@molt/command@0.9.0':
    resolution: {integrity: sha512-1JI8dAlpqlZoXyKWVQggX7geFNPxBpocHIXQCsnxDjKy+3WX4SGyZVJXuLlqRRrX7FmQCuuMAfx642ovXmPA9g==}

  '@molt/types@0.2.0':
    resolution: {integrity: sha512-p6ChnEZDGjg9PYPec9BK6Yp5/DdSrYQvXTBAtgrnqX6N36cZy37ql1c8Tc5LclfIYBNG7EZp8NBcRTYJwyi84g==}

  '@rollup/plugin-node-resolve@16.0.0':
    resolution: {integrity: sha512-0FPvAeVUT/zdWoO0jnb/V5BlBsUSNfkIOtFHzMO4H9MOklrmQFY6FduVHKucNb/aTFxvnGhj4MNj/T1oNdDfNg==}
    engines: {node: '>=14.0.0'}
    peerDependencies:
      rollup: ^2.78.0||^3.0.0||^4.0.0
    peerDependenciesMeta:
      rollup:
        optional: true

  '@rollup/plugin-terser@0.4.4':
    resolution: {integrity: sha512-XHeJC5Bgvs8LfukDwWZp7yeqin6ns8RTl2B9avbejt6tZqsqvVoWI7ZTQrcNsfKEDWBTnTxM8nMDkO2IFFbd0A==}
    engines: {node: '>=14.0.0'}
    peerDependencies:
      rollup: ^2.0.0||^3.0.0||^4.0.0
    peerDependenciesMeta:
      rollup:
        optional: true

  '@rollup/plugin-typescript@12.1.2':
    resolution: {integrity: sha512-cdtSp154H5sv637uMr1a8OTWB0L1SWDSm1rDGiyfcGcvQ6cuTs4MDk2BVEBGysUWago4OJN4EQZqOTl/QY3Jgg==}
    engines: {node: '>=14.0.0'}
    peerDependencies:
      rollup: ^2.14.0||^3.0.0||^4.0.0
      tslib: '*'
      typescript: '>=3.7.0'
    peerDependenciesMeta:
      rollup:
        optional: true
      tslib:
        optional: true

  '@rollup/pluginutils@5.1.4':
    resolution: {integrity: sha512-USm05zrsFxYLPdWWq+K3STlWiT/3ELn3RcV5hJMghpeAIhxfsUIg6mt12CBJBInWMV4VneoV7SfGv8xIwo2qNQ==}
    engines: {node: '>=14.0.0'}
    peerDependencies:
      rollup: ^1.20.0||^2.0.0||^3.0.0||^4.0.0
    peerDependenciesMeta:
      rollup:
        optional: true

  '@rollup/rollup-android-arm-eabi@4.30.0':
    resolution: {integrity: sha512-qFcFto9figFLz2g25DxJ1WWL9+c91fTxnGuwhToCl8BaqDsDYMl/kOnBXAyAqkkzAWimYMSWNPWEjt+ADAHuoQ==}
    cpu: [arm]
    os: [android]

  '@rollup/rollup-android-arm64@4.30.0':
    resolution: {integrity: sha512-vqrQdusvVl7dthqNjWCL043qelBK+gv9v3ZiqdxgaJvmZyIAAXMjeGVSqZynKq69T7062T5VrVTuikKSAAVP6A==}
    cpu: [arm64]
    os: [android]

  '@rollup/rollup-darwin-arm64@4.30.0':
    resolution: {integrity: sha512-617pd92LhdA9+wpixnzsyhVft3szYiN16aNUMzVkf2N+yAk8UXY226Bfp36LvxYTUt7MO/ycqGFjQgJ0wlMaWQ==}
    cpu: [arm64]
    os: [darwin]

  '@rollup/rollup-darwin-x64@4.30.0':
    resolution: {integrity: sha512-Y3b4oDoaEhCypg8ajPqigKDcpi5ZZovemQl9Edpem0uNv6UUjXv7iySBpGIUTSs2ovWOzYpfw9EbFJXF/fJHWw==}
    cpu: [x64]
    os: [darwin]

  '@rollup/rollup-freebsd-arm64@4.30.0':
    resolution: {integrity: sha512-3REQJ4f90sFIBfa0BUokiCdrV/E4uIjhkWe1bMgCkhFXbf4D8YN6C4zwJL881GM818qVYE9BO3dGwjKhpo2ABA==}
    cpu: [arm64]
    os: [freebsd]

  '@rollup/rollup-freebsd-x64@4.30.0':
    resolution: {integrity: sha512-ZtY3Y8icbe3Cc+uQicsXG5L+CRGUfLZjW6j2gn5ikpltt3Whqjfo5mkyZ86UiuHF9Q3ZsaQeW7YswlHnN+lAcg==}
    cpu: [x64]
    os: [freebsd]

  '@rollup/rollup-linux-arm-gnueabihf@4.30.0':
    resolution: {integrity: sha512-bsPGGzfiHXMhQGuFGpmo2PyTwcrh2otL6ycSZAFTESviUoBOuxF7iBbAL5IJXc/69peXl5rAtbewBFeASZ9O0g==}
    cpu: [arm]
    os: [linux]

  '@rollup/rollup-linux-arm-musleabihf@4.30.0':
    resolution: {integrity: sha512-kvyIECEhs2DrrdfQf++maCWJIQ974EI4txlz1nNSBaCdtf7i5Xf1AQCEJWOC5rEBisdaMFFnOWNLYt7KpFqy5A==}
    cpu: [arm]
    os: [linux]

  '@rollup/rollup-linux-arm64-gnu@4.30.0':
    resolution: {integrity: sha512-CFE7zDNrokaotXu+shwIrmWrFxllg79vciH4E/zeK7NitVuWEaXRzS0mFfFvyhZfn8WfVOG/1E9u8/DFEgK7WQ==}
    cpu: [arm64]
    os: [linux]

  '@rollup/rollup-linux-arm64-musl@4.30.0':
    resolution: {integrity: sha512-MctNTBlvMcIBP0t8lV/NXiUwFg9oK5F79CxLU+a3xgrdJjfBLVIEHSAjQ9+ipofN2GKaMLnFFXLltg1HEEPaGQ==}
    cpu: [arm64]
    os: [linux]

  '@rollup/rollup-linux-loongarch64-gnu@4.30.0':
    resolution: {integrity: sha512-fBpoYwLEPivL3q368+gwn4qnYnr7GVwM6NnMo8rJ4wb0p/Y5lg88vQRRP077gf+tc25akuqd+1Sxbn9meODhwA==}
    cpu: [loong64]
    os: [linux]

  '@rollup/rollup-linux-powerpc64le-gnu@4.30.0':
    resolution: {integrity: sha512-1hiHPV6dUaqIMXrIjN+vgJqtfkLpqHS1Xsg0oUfUVD98xGp1wX89PIXgDF2DWra1nxAd8dfE0Dk59MyeKaBVAw==}
    cpu: [ppc64]
    os: [linux]

  '@rollup/rollup-linux-riscv64-gnu@4.30.0':
    resolution: {integrity: sha512-U0xcC80SMpEbvvLw92emHrNjlS3OXjAM0aVzlWfar6PR0ODWCTQtKeeB+tlAPGfZQXicv1SpWwRz9Hyzq3Jx3g==}
    cpu: [riscv64]
    os: [linux]

  '@rollup/rollup-linux-s390x-gnu@4.30.0':
    resolution: {integrity: sha512-VU/P/IODrNPasgZDLIFJmMiLGez+BN11DQWfTVlViJVabyF3JaeaJkP6teI8760f18BMGCQOW9gOmuzFaI1pUw==}
    cpu: [s390x]
    os: [linux]

  '@rollup/rollup-linux-x64-gnu@4.30.0':
    resolution: {integrity: sha512-laQVRvdbKmjXuFA3ZiZj7+U24FcmoPlXEi2OyLfbpY2MW1oxLt9Au8q9eHd0x6Pw/Kw4oe9gwVXWwIf2PVqblg==}
    cpu: [x64]
    os: [linux]

  '@rollup/rollup-linux-x64-musl@4.30.0':
    resolution: {integrity: sha512-3wzKzduS7jzxqcOvy/ocU/gMR3/QrHEFLge5CD7Si9fyHuoXcidyYZ6jyx8OPYmCcGm3uKTUl+9jUSAY74Ln5A==}
    cpu: [x64]
    os: [linux]

  '@rollup/rollup-win32-arm64-msvc@4.30.0':
    resolution: {integrity: sha512-jROwnI1+wPyuv696rAFHp5+6RFhXGGwgmgSfzE8e4xfit6oLRg7GyMArVUoM3ChS045OwWr9aTnU+2c1UdBMyw==}
    cpu: [arm64]
    os: [win32]

  '@rollup/rollup-win32-ia32-msvc@4.30.0':
    resolution: {integrity: sha512-duzweyup5WELhcXx5H1jokpr13i3BV9b48FMiikYAwk/MT1LrMYYk2TzenBd0jj4ivQIt58JWSxc19y4SvLP4g==}
    cpu: [ia32]
    os: [win32]

  '@rollup/rollup-win32-x64-msvc@4.30.0':
    resolution: {integrity: sha512-DYvxS0M07PvgvavMIybCOBYheyrqlui6ZQBHJs6GqduVzHSZ06TPPvlfvnYstjODHQ8UUXFwt5YE+h0jFI8kwg==}
    cpu: [x64]
    os: [win32]

  '@tsconfig/node20@20.1.4':
    resolution: {integrity: sha512-sqgsT69YFeLWf5NtJ4Xq/xAF8p4ZQHlmGW74Nu2tD4+g5fAsposc4ZfaaPixVu4y01BEiDCWLRDCvDM5JOsRxg==}

  '@tsconfig/strictest@2.0.5':
    resolution: {integrity: sha512-ec4tjL2Rr0pkZ5hww65c+EEPYwxOi4Ryv+0MtjeaSQRJyq322Q27eOQiFbuNgw2hpL4hB1/W/HBGk3VKS43osg==}

  '@types/estree@1.0.6':
    resolution: {integrity: sha512-AYnb1nQyY49te+VRAVgmzfcgjYS91mY5P0TKUDCLEM+gNnA+3T6rWITXRLYCpahpqSQbN5cE+gHpnPyXjHWxcw==}

  '@types/resolve@1.20.2':
    resolution: {integrity: sha512-60BCwRFOZCQhDncwQdxxeOEEkbc5dIMccYLwbxsS4TUNeVECQ/pBJ0j09mrHOl/JJvpRPGwO9SvE4nR2Nb/a4Q==}

  acorn@8.14.0:
    resolution: {integrity: sha512-cl669nCJTZBsL97OF4kUQm5g5hC2uihk0NxY3WENAC0TYdILVkAyHymAntgxGkl7K+t0cXIrH5siy5S4XkFycA==}
    engines: {node: '>=0.4.0'}
    hasBin: true

  alge@0.8.1:
    resolution: {integrity: sha512-kiV9nTt+XIauAXsowVygDxMZLplZxDWt0W8plE/nB32/V2ziM/P/TxDbSVK7FYIUt2Xo16h3/htDh199LNPCKQ==}

  ansi-regex@5.0.1:
    resolution: {integrity: sha512-quJQXlTSUGL2LH9SUXo8VwsY4soanhgo6LNSm84E1LBcE8s3O0wpdiRzyR9z/ZZJMlMWv37qOOb9pdJlMUEKFQ==}
    engines: {node: '>=8'}

  ansi-regex@6.1.0:
    resolution: {integrity: sha512-7HSX4QQb4CspciLpVFwyRe79O3xsIZDDLER21kERQ71oaPodF8jL725AgJMFAYbooIqolJoRLuM81SpeUkpkvA==}
    engines: {node: '>=12'}

  ansi-styles@4.3.0:
    resolution: {integrity: sha512-zbB9rCJAT1rbjiVDb2hqKFHNYLxgtk8NURxZ3IZwD3F6NtxbXZQCnnSi1Lkx+IDohdPlFp222wVALIheZJQSEg==}
    engines: {node: '>=8'}

  buffer-from@1.1.2:
    resolution: {integrity: sha512-E+XQCRwSbaaiChtv6k6Dwgc+bx+Bs6vuKJHHl5kox/BaKbhiXzqQOwK4cO22yElGp2OCmjwVhT3HmxgyPGnJfQ==}

  chalk@5.4.1:
    resolution: {integrity: sha512-zgVZuo2WcZgfUEmsn6eO3kINexW8RAE4maiQ8QNs8CtpPCSyMiYsULR3HQYkm3w8FIA3SberyMJMSldGsW+U3w==}
    engines: {node: ^12.17.0 || ^14.13 || >=16.0.0}

  cliui@8.0.1:
    resolution: {integrity: sha512-BSeNnyus75C4//NQ9gQt1/csTXyo/8Sb+afLAkzAptFuMsod9HFokGNudZpi/oQV73hnVK+sR+5PVRMd+Dr7YQ==}
    engines: {node: '>=12'}

  color-convert@2.0.1:
    resolution: {integrity: sha512-RRECPsj7iu/xb5oKYcsFHSppFNnsj/52OVTRKb4zP5onXwVF3zVmmToNcOfGC+CRDpfK/U584fMg38ZHCaElKQ==}
    engines: {node: '>=7.0.0'}

  color-name@1.1.4:
    resolution: {integrity: sha512-dOy+3AuW3a2wNbZHIuMZpTcgjGuLU/uBL/ubcZF9OXbDo8ff4O8yVp5Bf0efS8uEoYo5q4Fx7dY9OgQGXgAsQA==}

  commander@2.20.3:
    resolution: {integrity: sha512-GpVkmM8vF2vQUkj2LvZmD35JxeJOLCwJ9cUkugyk2nuhbv3+mJvpLYYt+0+USMxE+oj+ey/lJEnhZw75x/OMcQ==}

  commondir@1.0.1:
    resolution: {integrity: sha512-W9pAhw0ja1Edb5GVdIF1mjZw/ASI0AlShXM83UUGe2DVr5TdAPEA1OA8m/g8zWp9x6On7gqufY+FatDbC3MDQg==}

  core-js@3.39.0:
    resolution: {integrity: sha512-raM0ew0/jJUqkJ0E6e8UDtl+y/7ktFivgWvqw8dNSQeNWoSDLvQ1H/RN3aPXB9tBd4/FhyR4RDPGhsNIMsAn7g==}

  deepmerge@4.3.1:
    resolution: {integrity: sha512-3sUqbMEc77XqpdNO7FRyRog+eW3ph+GYCbj+rK+uYyRMuwsVy0rMiVtPn+QJlKFvWP/1PYpapqYn0Me2knFn+A==}
    engines: {node: '>=0.10.0'}

  define-lazy-prop@2.0.0:
    resolution: {integrity: sha512-Ds09qNh8yw3khSjiJjiUInaGX9xlqZDY7JVryGxdxV7NPeuqQfplOpQ66yJFZut3jLa5zOwkXw1g9EI2uKh4Og==}
    engines: {node: '>=8'}

  emoji-regex@8.0.0:
    resolution: {integrity: sha512-MSjYzcWNOA0ewAHpz0MxpYFvwg6yjy1NG3xteoqz644VCo/RPgnr1/GGt+ic3iJTzQ8Eu3TdM14SawnVUmGE6A==}

  es-toolkit@1.31.0:
    resolution: {integrity: sha512-vwS0lv/tzjM2/t4aZZRAgN9I9TP0MSkWuvt6By+hEXfG/uLs8yg2S1/ayRXH/x3pinbLgVJYT+eppueg3cM6tg==}

  escalade@3.2.0:
    resolution: {integrity: sha512-WUj2qlxaQtO4g6Pq5c29GTcWGDyd8itL8zTlipgECz3JesAiiOKotd8JU6otB3PACgG6xkJUyVhboMS+bje/jA==}
    engines: {node: '>=6'}

  estree-walker@2.0.2:
    resolution: {integrity: sha512-Rfkk/Mp/DL7JVje3u18FxFujQlTNR2q6QfMSMB7AvCBx91NGj/ba3kCfza0f6dVDbw7YlRf/nDrn7pQrCCyQ/w==}

  find-cache-dir@3.3.2:
    resolution: {integrity: sha512-wXZV5emFEjrridIgED11OoUKLxiYjAcqot/NJdAkOhlJ+vGzwhOAfcG5OX1jP+S0PcjEn8bdMJv+g2jwQ3Onig==}
    engines: {node: '>=8'}

  find-up@4.1.0:
    resolution: {integrity: sha512-PpOwAdQ/YlXQ2vj8a3h8IipDuYRi3wceVQQGYWxNINccq40Anw7BlsEXCMbt1Zt+OLA6Fq9suIpIWD0OsnISlw==}
    engines: {node: '>=8'}

  fsevents@2.3.3:
    resolution: {integrity: sha512-5xoDfX+fL7faATnagmWPpbFtwh/R77WmMMqqHGS65C3vvB0YHrgF+B1YmZ3441tMj5n63k0212XNoJwzlhffQw==}
    engines: {node: ^8.16.0 || ^10.6.0 || >=11.0.0}
    os: [darwin]

  function-bind@1.1.2:
    resolution: {integrity: sha512-7XHNxH7qX9xG5mIwxkhumTox/MIRNcOgDrxWsMt2pAr23WHp6MrRlN7FBSFpCpr+oVO0F744iUgR82nJMfG2SA==}

  get-caller-file@2.0.5:
    resolution: {integrity: sha512-DyFP3BM/3YHTQOCUL/w0OZHR0lpKeGrxotcHWcqNEdnltqFwXVfhEBQ94eIo34AfQpo0rGki4cyIiftY06h2Fg==}
    engines: {node: 6.* || 8.* || >= 10.*}

  graffle@file:..:
    resolution: {directory: .., type: directory}
    hasBin: true
    peerDependencies:
      '@dprint/formatter': ^0.4.0
      '@dprint/typescript': ^0.93.0
      '@opentelemetry/api': ^1.9.0
      graphql: 14 - 16
      prettier: ^3.3.3
    peerDependenciesMeta:
      '@dprint/formatter':
        optional: true
      '@dprint/typescript':
        optional: true
      '@opentelemetry/api':
        optional: true
      prettier:
        optional: true

  graphql@16.10.0:
    resolution: {integrity: sha512-AjqGKbDGUFRKIRCP9tCKiIGHyriz2oHEbPIbEtcSLSs4YjReZOIPQQWek4+6hjw62H9QShXHyaGivGiYVLeYFQ==}
    engines: {node: ^12.22.0 || ^14.16.0 || ^16.0.0 || >=17.0.0}

  hasown@2.0.2:
    resolution: {integrity: sha512-0hJU9SCPvmMzIBdZFqNPXWa6dqh7WdH0cII9y+CyS8rG3nL48Bclra9HmKhVVUHyPWNH5Y7xDwAB7bfgSjkUMQ==}
    engines: {node: '>= 0.4'}

  is-core-module@2.16.1:
    resolution: {integrity: sha512-UfoeMA6fIJ8wTYFEUjelnaGI67v6+N7qXJEvQuIGa99l4xsCruSYOVSQ0uPANn4dAzm8lkYPaKLrrijLq7x23w==}
    engines: {node: '>= 0.4'}

  is-docker@2.2.1:
    resolution: {integrity: sha512-F+i2BKsFrH66iaUFc0woD8sLy8getkwTwtOBjvs56Cx4CgJDeKQeqfz8wAYiSb8JOprWhHH5p77PbmYCvvUuXQ==}
    engines: {node: '>=8'}
    hasBin: true

  is-fullwidth-code-point@3.0.0:
    resolution: {integrity: sha512-zymm5+u+sCsSWyD9qNaejV3DFvhCKclKdizYaJUuHA83RLjb7nSuGnddCHGv0hk+KY7BMAlsWeK4Ueg6EV6XQg==}
    engines: {node: '>=8'}

  is-module@1.0.0:
    resolution: {integrity: sha512-51ypPSPCoTEIN9dy5Oy+h4pShgJmPCygKfyRCISBI+JoWT/2oJvK8QPxmwv7b/p239jXrm9M1mlQbyKJ5A152g==}

  is-plain-obj@4.1.0:
    resolution: {integrity: sha512-+Pgi+vMuUNkJyExiMBt5IlFoMyKnr5zhJ4Uspz58WOhBF5QoIZkFyNHIbBAtHwzVAgk5RtndVNsDRN61/mmDqg==}
    engines: {node: '>=12'}

  is-wsl@2.2.0:
    resolution: {integrity: sha512-fKzAra0rGJUUBwGBgNkHZuToZcn+TtXHpeCgmkMJMMYx1sQDYaCSyjJBSCa2nH1DGm7s3n1oBnohoVTBaN7Lww==}
    engines: {node: '>=8'}

  locate-path@5.0.0:
    resolution: {integrity: sha512-t7hw9pI+WvuwNJXwk5zVHpyhIqzg2qTlklJOf0mVxGSbe3Fp2VieZcduNYjaLDoy6p9uGpQEGWG87WpMKlNq8g==}
    engines: {node: '>=8'}

  lodash.camelcase@4.3.0:
    resolution: {integrity: sha512-TwuEnCnxbc3rAvhf/LbG7tJUDzhqXyFnv3dtzLOPgCG/hODL7WFnsbwktkD7yUV0RrreP/l1PALq/YSg6VvjlA==}

  lodash.ismatch@4.4.0:
    resolution: {integrity: sha512-fPMfXjGQEV9Xsq/8MTSgUf255gawYRbjwMyDbcvDhXgV7enSZA0hynz6vMPnpAb5iONEzBHBPsT+0zes5Z301g==}

  lodash.snakecase@4.1.1:
    resolution: {integrity: sha512-QZ1d4xoBHYUeuouhEq3lk3Uq7ldgyFXGBhg04+oRLnIz8o9T65Eh+8YdroUwn846zchkA9yDsDl5CVVaV2nqYw==}

  lodash@4.17.21:
    resolution: {integrity: sha512-v2kDEe57lecTulaDIuNTPy3Ry4gLGJ6Z1O3vE1krgXZNrsQ+LFTGHVxVjcXPs17LhbZVGedAJv8XZ1tvj5FvSg==}

  make-dir@3.1.0:
    resolution: {integrity: sha512-g3FeP20LNwhALb/6Cz6Dd4F2ngze0jz7tbzrD2wAV+o9FeNHe4rL+yK2md0J/fiSf1sa1ADhXqi5+oVwOM/eGw==}
    engines: {node: '>=8'}

  open@8.4.2:
    resolution: {integrity: sha512-7x81NCL719oNbsq/3mh+hVrAWmFuEYUqrq/Iw3kUzH8ReypT9QQ0BLoJS7/G9k6N81XjW4qHWtjWwe/9eLy1EQ==}
    engines: {node: '>=12'}

  p-limit@2.3.0:
    resolution: {integrity: sha512-//88mFWSJx8lxCzwdAABTJL2MyWB12+eIY7MDL2SqLmAkeKU9qxRvWuSyTjm3FUmpBEMuFfckAIqEaVGUDxb6w==}
    engines: {node: '>=6'}

  p-locate@4.1.0:
    resolution: {integrity: sha512-R79ZZ/0wAxKGu3oYMlz8jy/kbhsNrS7SKZ7PxEHBgJ5+F2mtFW2fK2cOtBh1cHYkQsbzFV7I+EoRKe6Yt0oK7A==}
    engines: {node: '>=8'}

  p-try@2.2.0:
    resolution: {integrity: sha512-R4nPAVTAU0B9D35/Gk3uJf/7XYbQcyohSKdvAxIRSNghFl4e71hVoGnBNQz9cWaXxO2I10KTC+3jMdvvoKw6dQ==}
    engines: {node: '>=6'}

  path-exists@4.0.0:
    resolution: {integrity: sha512-ak9Qy5Q7jYb2Wwcey5Fpvg2KoAc/ZIhLSLOSBmRmygPsGwkVVt0fZa0qrtMz+m6tJTAHfZQ8FnmB4MG4LWy7/w==}
    engines: {node: '>=8'}

  path-parse@1.0.7:
    resolution: {integrity: sha512-LDJzPVEEEPR+y48z93A0Ed0yXb8pAByGWo/k5YYdYgpY2/2EsOsksJrq7lOHxryrVOn1ejG6oAp8ahvOIQD8sw==}

  picomatch@4.0.2:
    resolution: {integrity: sha512-M7BAV6Rlcy5u+m6oPhAPFgJTzAioX/6B0DxyvDlo9l8+T3nLKbrczg2WLUyzd45L8RqfUMyGPzekbMvX2Ldkwg==}
    engines: {node: '>=12'}

  pkg-dir@4.2.0:
    resolution: {integrity: sha512-HRDzbaKjC+AOWVXxAU/x54COGeIv9eb+6CkDSQoNTt4XyWoIJvuPsXizxu/Fr23EiekbtZwmh1IcIG/l/a10GQ==}
    engines: {node: '>=8'}

  randombytes@2.1.0:
    resolution: {integrity: sha512-vYl3iOX+4CKUWuxGi9Ukhie6fsqXqS9FE2Zaic4tNFD2N2QQaXOMFbuKK4QmDHC0JO6B1Zp41J0LpT0oR68amQ==}

  readline-sync@1.4.10:
    resolution: {integrity: sha512-gNva8/6UAe8QYepIQH/jQ2qn91Qj0B9sYjMBBs3QOB8F2CXcKgLxQaJRP76sWVRQt+QU+8fAkCbCvjjMFu7Ycw==}
    engines: {node: '>= 0.8.0'}

  remeda@1.61.0:
    resolution: {integrity: sha512-caKfSz9rDeSKBQQnlJnVW3mbVdFgxgGWQKq1XlFokqjf+hQD5gxutLGTTY2A/x24UxVyJe9gH5fAkFI63ULw4A==}

  require-directory@2.1.1:
    resolution: {integrity: sha512-fGxEI7+wsG9xrvdjsrlmL22OMTTiHRwAMroiEeMgq8gzoLC/PQr7RsRDSTLUg/bZAZtF+TVIkHc6/4RIKrui+Q==}
    engines: {node: '>=0.10.0'}

  resolve@1.22.10:
    resolution: {integrity: sha512-NPRy+/ncIMeDlTAsuqwKIiferiawhefFJtkNSW0qZJEqMEb+qBt/77B/jGeeek+F0uOeN05CDa6HXbbIgtVX4w==}
    engines: {node: '>= 0.4'}
    hasBin: true

  rollup-plugin-bundle-stats@4.17.0:
    resolution: {integrity: sha512-qib0al0arhVlF1/nXynKNXbE5uUWuGr0GNzs+Dpub8Wu2bEvb3m5WaMpotXrK8d4pYoBpC8v38fXSqH0H+tapA==}
    engines: {node: '>= 16.0'}
    peerDependencies:
      rollup: ^3.0.0 || ^4.0.0

  rollup-plugin-visualizer@5.14.0:
    resolution: {integrity: sha512-VlDXneTDaKsHIw8yzJAFWtrzguoJ/LnQ+lMpoVfYJ3jJF4Ihe5oYLAqLklIK/35lgUY+1yEzCkHyZ1j4A5w5fA==}
    engines: {node: '>=18'}
    hasBin: true
    peerDependencies:
      rolldown: 1.x
      rollup: 2.x || 3.x || 4.x
    peerDependenciesMeta:
      rolldown:
        optional: true
      rollup:
        optional: true

  rollup-plugin-webpack-stats@0.4.1:
    resolution: {integrity: sha512-Zi7t0G7FtA55LNcU9B3s2gBo3PODbdo+288Cw2/4sA8+o9H/ahhWZ25UxADeHwriAzW808iDpPbB81C5jGLIbg==}
    engines: {node: '>=14'}
    peerDependencies:
      rollup: ^3.0.0 || ^4.0.0

  rollup@4.30.0:
    resolution: {integrity: sha512-sDnr1pcjTgUT69qBksNF1N1anwfbyYG6TBQ22b03bII8EdiUQ7J0TlozVaTMjT/eEJAO49e1ndV7t+UZfL1+vA==}
    engines: {node: '>=18.0.0', npm: '>=8.0.0'}
    hasBin: true

  safe-buffer@5.2.1:
    resolution: {integrity: sha512-rp3So07KcdmmKbGvgaNxQSJr7bGVSVk5S9Eq1F+ppbRo70+YeaDxkw5Dd8NPN+GD6bjnYm2VuPuCXmpuYvmCXQ==}

  semver@6.3.1:
    resolution: {integrity: sha512-BR7VvDCVHO+q2xBEWskxS6DJE1qRnb7DxzUrogb71CWoSficBxYsiAGd+Kl0mmq/MprG9yArRkyrQxTO6XjMzA==}
    hasBin: true

  serialize-javascript@6.0.2:
    resolution: {integrity: sha512-Saa1xPByTTq2gdeFZYLLo+RFE35NHZkAbqZeWNd3BpzppeVisAqpDjcp8dyf6uIvEqJRd46jemmyA4iFIeVk8g==}

  serialize-query-params@2.0.2:
    resolution: {integrity: sha512-1chMo1dST4pFA9RDXAtF0Rbjaut4is7bzFbI1Z26IuMub68pNCILku85aYmeFhvnY//BXUPUhoRMjYcsT93J/Q==}

  smob@1.5.0:
    resolution: {integrity: sha512-g6T+p7QO8npa+/hNx9ohv1E5pVCmWrVCUzUXJyLdMmftX6ER0oiWY/w9knEonLpnOp6b6FenKnMfR8gqwWdwig==}

  source-map-support@0.5.21:
    resolution: {integrity: sha512-uBHU3L3czsIyYXKX88fdrGovxdSCoTGDRZ6SYXtSRxLZUzHg5P/66Ht6uoUlHu9EZod+inXhKo3qQgwXUT/y1w==}

  source-map@0.6.1:
    resolution: {integrity: sha512-UjgapumWlbMhkBgzT7Ykc5YXUT46F0iKu8SGXq0bcwP5dz/h0Plj6enJqjz1Zbq2l5WaqYnrVbwWOWMyF3F47g==}
    engines: {node: '>=0.10.0'}

  source-map@0.7.4:
    resolution: {integrity: sha512-l3BikUxvPOcn5E74dZiq5BGsTb5yEwhaTSzccU6t4sDOH8NWJCstKO5QT2CvtFoK6F0saL7p9xHAqHOlCPJygA==}
    engines: {node: '>= 8'}

  stream-chain@2.2.5:
    resolution: {integrity: sha512-1TJmBx6aSWqZ4tx7aTpBDXK0/e2hhcNSTV8+CbFJtDjbb+I1mZ8lHit0Grw9GRT+6JbIrrDd8esncgBi8aBXGA==}

  stream-chain@3.3.2:
    resolution: {integrity: sha512-YvRznt2X9tLSQlQXkYxp9FGcp6uUwBG9VAyjgo53Ov+Ctk36R49xB6NUia37T7owHyi3UtvI6achAj4ufBSaNg==}

  stream-json@1.9.1:
    resolution: {integrity: sha512-uWkjJ+2Nt/LO9Z/JyKZbMusL8Dkh97uUBTv3AJQ74y07lVahLY4eEFsPsE97pxYBwr8nnjMAIch5eqI0gPShyw==}

  string-length@6.0.0:
    resolution: {integrity: sha512-1U361pxZHEQ+FeSjzqRpV+cu2vTzYeWeafXFLykiFlv4Vc0n3njgU8HrMbyik5uwm77naWMuVG8fhEF+Ovb1Kg==}
    engines: {node: '>=16'}

  string-width@4.2.3:
    resolution: {integrity: sha512-wKyQRQpjJ0sIp62ErSZdGsjMJWsap5oRNihHhu6G7JVO/9jIB6UyevL+tXuOqrng8j/cxKTWyWUwvSTriiZz/g==}
    engines: {node: '>=8'}

  strip-ansi@6.0.1:
    resolution: {integrity: sha512-Y38VPSHcqkFrCpFnQ9vuSXmquuv5oXOKpGeT6aGrr3o3Gc9AlVa6JBfUSOCnbxGGZF+/0ooI7KrPuUSztUdU5A==}
    engines: {node: '>=8'}

  strip-ansi@7.1.0:
    resolution: {integrity: sha512-iq6eVVI64nQQTRYq2KtEg2d2uU7LElhTJwsH4YzIHZshxlgZms/wIc4VoDQTlG/IvVIrBKG06CrZnp0qv7hkcQ==}
    engines: {node: '>=12'}

  superstruct@2.0.2:
    resolution: {integrity: sha512-uV+TFRZdXsqXTL2pRvujROjdZQ4RAlBUS5BTh9IGm+jTqQntYThciG/qu57Gs69yjnVUSqdxF9YLmSnpupBW9A==}
    engines: {node: '>=14.0.0'}

  supports-preserve-symlinks-flag@1.0.0:
    resolution: {integrity: sha512-ot0WnXS9fgdkgIcePe6RHNk1WA8+muPa6cSjeR3V8K27q9BB1rTE3R1p7Hv0z1ZyAc8s6Vvv8DIyWf681MAt0w==}
    engines: {node: '>= 0.4'}

  terser@5.37.0:
    resolution: {integrity: sha512-B8wRRkmre4ERucLM/uXx4MOV5cbnOlVAqUst+1+iLKPI0dOgFO28f84ptoQt9HEI537PMzfYa/d+GEPKTRXmYA==}
    engines: {node: '>=10'}
    hasBin: true

  ts-toolbelt@9.6.0:
    resolution: {integrity: sha512-nsZd8ZeNUzukXPlJmTBwUAuABDe/9qtVDelJeT/qW0ow3ZS3BsQJtNkan1802aM9Uf68/Y8ljw86Hu0h5IUW3w==}

  tslib@2.8.1:
    resolution: {integrity: sha512-oJFu94HQb+KVduSUQL7wnpmqnfmLsOA/nAh6b6EH0wCEoK0/mPeXU6c3wKDV83MkOuHPRHtSXKKU99IBazS/2w==}

  type-fest@4.31.0:
    resolution: {integrity: sha512-yCxltHW07Nkhv/1F6wWBr8kz+5BGMfP+RbRSYFnegVb0qV/UMT0G0ElBloPVerqn4M2ZV80Ir1FtCcYv1cT6vQ==}
    engines: {node: '>=16'}

  typescript@5.7.2:
    resolution: {integrity: sha512-i5t66RHxDvVN40HfDd1PsEThGNnlMCMT3jMUuoh9/0TaqWevNontacunWyN02LA9/fIbEWlcHZcgTKb9QoaLfg==}
    engines: {node: '>=14.17'}
    hasBin: true

  wrap-ansi@7.0.0:
    resolution: {integrity: sha512-YVGIj2kamLSTxw6NsZjoBxfSwsn0ycdesmc4p+Q21c5zPuZ1pl+NfxVdxPtdHvmNVOQ6XSYG4AUtyt/Fi7D16Q==}
    engines: {node: '>=10'}

  y18n@5.0.8:
    resolution: {integrity: sha512-0pfFzegeDWJHJIAmTLRP2DwHjdF5s7jo9tuztdQxAhINCdvS+3nGINqPd00AphqJR/0LhANUS6/+7SCb98YOfA==}
    engines: {node: '>=10'}

  yargs-parser@21.1.1:
    resolution: {integrity: sha512-tVpsJW7DdjecAiFpbIB1e3qxIQsE6NoPc5/eTdrbbIC4h0LVsWhnoa3g+m2HclBIujHzsxZ4VJVA+GUuc2/LBw==}
    engines: {node: '>=12'}

  yargs@17.7.2:
    resolution: {integrity: sha512-7dSzzRQ++CKnNI/krKnYRV7JKKPUXMEh61soaHKg9mrWEhzFWhFnxPxGl+69cD1Ou63C13NUPCnmIcrvqCuM6w==}
    engines: {node: '>=12'}

  zod@3.24.1:
    resolution: {integrity: sha512-muH7gBL9sI1nciMZV67X5fTKKBLtwpZ5VBp1vsOQzj1MhrBZ4wlVCm3gedKZWLp0Oyel8sIGfeiz54Su+OVT+A==}

snapshots:

  '@0no-co/graphql.web@1.0.12(graphql@16.10.0)':
    optionalDependencies:
      graphql: 16.10.0

  '@bundle-stats/cli-utils@4.17.0(core-js@3.39.0)':
    dependencies:
      '@bundle-stats/html-templates': 4.17.0
      '@bundle-stats/plugin-webpack-filter': 4.17.0(core-js@3.39.0)
      '@bundle-stats/utils': 4.17.0(core-js@3.39.0)(lodash@4.17.21)
      find-cache-dir: 3.3.2
      lodash: 4.17.21
      stream-chain: 3.3.2
      stream-json: 1.9.1
    transitivePeerDependencies:
      - core-js

  '@bundle-stats/html-templates@4.17.0': {}

  '@bundle-stats/plugin-webpack-filter@4.17.0(core-js@3.39.0)':
    dependencies:
      core-js: 3.39.0

  '@bundle-stats/plugin-webpack-validate@4.17.0':
    dependencies:
      lodash: 4.17.21
      superstruct: 2.0.2

  '@bundle-stats/utils@4.17.0(core-js@3.39.0)(lodash@4.17.21)':
    dependencies:
      '@bundle-stats/plugin-webpack-filter': 4.17.0(core-js@3.39.0)
      '@bundle-stats/plugin-webpack-validate': 4.17.0
      core-js: 3.39.0
      lodash: 4.17.21
      serialize-query-params: 2.0.2

  '@graphql-typed-document-node/core@3.2.0(graphql@16.10.0)':
    dependencies:
      graphql: 16.10.0

  '@jridgewell/gen-mapping@0.3.8':
    dependencies:
      '@jridgewell/set-array': 1.2.1
      '@jridgewell/sourcemap-codec': 1.5.0
      '@jridgewell/trace-mapping': 0.3.25

  '@jridgewell/resolve-uri@3.1.2': {}

  '@jridgewell/set-array@1.2.1': {}

  '@jridgewell/source-map@0.3.6':
    dependencies:
      '@jridgewell/gen-mapping': 0.3.8
      '@jridgewell/trace-mapping': 0.3.25

  '@jridgewell/sourcemap-codec@1.5.0': {}

  '@jridgewell/trace-mapping@0.3.25':
    dependencies:
      '@jridgewell/resolve-uri': 3.1.2
      '@jridgewell/sourcemap-codec': 1.5.0

  '@molt/command@0.9.0':
    dependencies:
      '@molt/types': 0.2.0
      alge: 0.8.1
      chalk: 5.4.1
      lodash.camelcase: 4.3.0
      lodash.snakecase: 4.1.1
      readline-sync: 1.4.10
      string-length: 6.0.0
      strip-ansi: 7.1.0
      ts-toolbelt: 9.6.0
      type-fest: 4.31.0
      zod: 3.24.1

  '@molt/types@0.2.0':
    dependencies:
      ts-toolbelt: 9.6.0

  '@rollup/plugin-node-resolve@16.0.0(rollup@4.30.0)':
    dependencies:
      '@rollup/pluginutils': 5.1.4(rollup@4.30.0)
      '@types/resolve': 1.20.2
      deepmerge: 4.3.1
      is-module: 1.0.0
      resolve: 1.22.10
    optionalDependencies:
      rollup: 4.30.0

  '@rollup/plugin-terser@0.4.4(rollup@4.30.0)':
    dependencies:
      serialize-javascript: 6.0.2
      smob: 1.5.0
      terser: 5.37.0
    optionalDependencies:
      rollup: 4.30.0

  '@rollup/plugin-typescript@12.1.2(rollup@4.30.0)(tslib@2.8.1)(typescript@5.7.2)':
    dependencies:
      '@rollup/pluginutils': 5.1.4(rollup@4.30.0)
      resolve: 1.22.10
      typescript: 5.7.2
    optionalDependencies:
      rollup: 4.30.0
      tslib: 2.8.1

  '@rollup/pluginutils@5.1.4(rollup@4.30.0)':
    dependencies:
      '@types/estree': 1.0.6
      estree-walker: 2.0.2
      picomatch: 4.0.2
    optionalDependencies:
      rollup: 4.30.0

  '@rollup/rollup-android-arm-eabi@4.30.0':
    optional: true

  '@rollup/rollup-android-arm64@4.30.0':
    optional: true

  '@rollup/rollup-darwin-arm64@4.30.0':
    optional: true

  '@rollup/rollup-darwin-x64@4.30.0':
    optional: true

  '@rollup/rollup-freebsd-arm64@4.30.0':
    optional: true

  '@rollup/rollup-freebsd-x64@4.30.0':
    optional: true

  '@rollup/rollup-linux-arm-gnueabihf@4.30.0':
    optional: true

  '@rollup/rollup-linux-arm-musleabihf@4.30.0':
    optional: true

  '@rollup/rollup-linux-arm64-gnu@4.30.0':
    optional: true

  '@rollup/rollup-linux-arm64-musl@4.30.0':
    optional: true

  '@rollup/rollup-linux-loongarch64-gnu@4.30.0':
    optional: true

  '@rollup/rollup-linux-powerpc64le-gnu@4.30.0':
    optional: true

  '@rollup/rollup-linux-riscv64-gnu@4.30.0':
    optional: true

  '@rollup/rollup-linux-s390x-gnu@4.30.0':
    optional: true

  '@rollup/rollup-linux-x64-gnu@4.30.0':
    optional: true

  '@rollup/rollup-linux-x64-musl@4.30.0':
    optional: true

  '@rollup/rollup-win32-arm64-msvc@4.30.0':
    optional: true

  '@rollup/rollup-win32-ia32-msvc@4.30.0':
    optional: true

  '@rollup/rollup-win32-x64-msvc@4.30.0':
    optional: true

  '@tsconfig/node20@20.1.4': {}

  '@tsconfig/strictest@2.0.5': {}

  '@types/estree@1.0.6': {}

  '@types/resolve@1.20.2': {}

  acorn@8.14.0: {}

  alge@0.8.1:
    dependencies:
      lodash.ismatch: 4.4.0
      remeda: 1.61.0
      ts-toolbelt: 9.6.0
      zod: 3.24.1

  ansi-regex@5.0.1: {}

  ansi-regex@6.1.0: {}

  ansi-styles@4.3.0:
    dependencies:
      color-convert: 2.0.1

  buffer-from@1.1.2: {}

  chalk@5.4.1: {}

  cliui@8.0.1:
    dependencies:
      string-width: 4.2.3
      strip-ansi: 6.0.1
      wrap-ansi: 7.0.0

  color-convert@2.0.1:
    dependencies:
      color-name: 1.1.4

  color-name@1.1.4: {}

  commander@2.20.3: {}

  commondir@1.0.1: {}

  core-js@3.39.0: {}

  deepmerge@4.3.1: {}

  define-lazy-prop@2.0.0: {}

  emoji-regex@8.0.0: {}

  es-toolkit@1.31.0: {}

  escalade@3.2.0: {}

  estree-walker@2.0.2: {}

  find-cache-dir@3.3.2:
    dependencies:
      commondir: 1.0.1
      make-dir: 3.1.0
      pkg-dir: 4.2.0

  find-up@4.1.0:
    dependencies:
      locate-path: 5.0.0
      path-exists: 4.0.0

  fsevents@2.3.3:
    optional: true

  function-bind@1.1.2: {}

  get-caller-file@2.0.5: {}

  graffle@file:..(graphql@16.10.0):
    dependencies:
      '@0no-co/graphql.web': 1.0.12(graphql@16.10.0)
      '@graphql-typed-document-node/core': 3.2.0(graphql@16.10.0)
      '@molt/command': 0.9.0
      es-toolkit: 1.31.0
      graphql: 16.10.0
      is-plain-obj: 4.1.0

  graphql@16.10.0: {}

  hasown@2.0.2:
    dependencies:
      function-bind: 1.1.2

  is-core-module@2.16.1:
    dependencies:
      hasown: 2.0.2

  is-docker@2.2.1: {}

  is-fullwidth-code-point@3.0.0: {}

  is-module@1.0.0: {}

  is-plain-obj@4.1.0: {}

  is-wsl@2.2.0:
    dependencies:
      is-docker: 2.2.1

  locate-path@5.0.0:
    dependencies:
      p-locate: 4.1.0

  lodash.camelcase@4.3.0: {}

  lodash.ismatch@4.4.0: {}

  lodash.snakecase@4.1.1: {}

  lodash@4.17.21: {}

  make-dir@3.1.0:
    dependencies:
      semver: 6.3.1

  open@8.4.2:
    dependencies:
      define-lazy-prop: 2.0.0
      is-docker: 2.2.1
      is-wsl: 2.2.0

  p-limit@2.3.0:
    dependencies:
      p-try: 2.2.0

  p-locate@4.1.0:
    dependencies:
      p-limit: 2.3.0

  p-try@2.2.0: {}

  path-exists@4.0.0: {}

  path-parse@1.0.7: {}

  picomatch@4.0.2: {}

  pkg-dir@4.2.0:
    dependencies:
      find-up: 4.1.0

  randombytes@2.1.0:
    dependencies:
      safe-buffer: 5.2.1

  readline-sync@1.4.10: {}

  remeda@1.61.0: {}

  require-directory@2.1.1: {}

  resolve@1.22.10:
    dependencies:
      is-core-module: 2.16.1
      path-parse: 1.0.7
      supports-preserve-symlinks-flag: 1.0.0

  rollup-plugin-bundle-stats@4.17.0(core-js@3.39.0)(rollup@4.30.0):
    dependencies:
      '@bundle-stats/cli-utils': 4.17.0(core-js@3.39.0)
      rollup: 4.30.0
      rollup-plugin-webpack-stats: 0.4.1(rollup@4.30.0)
    transitivePeerDependencies:
      - core-js

  rollup-plugin-visualizer@5.14.0(rollup@4.30.0):
    dependencies:
      open: 8.4.2
      picomatch: 4.0.2
      source-map: 0.7.4
      yargs: 17.7.2
    optionalDependencies:
      rollup: 4.30.0

  rollup-plugin-webpack-stats@0.4.1(rollup@4.30.0):
    dependencies:
      rollup: 4.30.0

  rollup@4.30.0:
    dependencies:
      '@types/estree': 1.0.6
    optionalDependencies:
      '@rollup/rollup-android-arm-eabi': 4.30.0
      '@rollup/rollup-android-arm64': 4.30.0
      '@rollup/rollup-darwin-arm64': 4.30.0
      '@rollup/rollup-darwin-x64': 4.30.0
      '@rollup/rollup-freebsd-arm64': 4.30.0
      '@rollup/rollup-freebsd-x64': 4.30.0
      '@rollup/rollup-linux-arm-gnueabihf': 4.30.0
      '@rollup/rollup-linux-arm-musleabihf': 4.30.0
      '@rollup/rollup-linux-arm64-gnu': 4.30.0
      '@rollup/rollup-linux-arm64-musl': 4.30.0
      '@rollup/rollup-linux-loongarch64-gnu': 4.30.0
      '@rollup/rollup-linux-powerpc64le-gnu': 4.30.0
      '@rollup/rollup-linux-riscv64-gnu': 4.30.0
      '@rollup/rollup-linux-s390x-gnu': 4.30.0
      '@rollup/rollup-linux-x64-gnu': 4.30.0
      '@rollup/rollup-linux-x64-musl': 4.30.0
      '@rollup/rollup-win32-arm64-msvc': 4.30.0
      '@rollup/rollup-win32-ia32-msvc': 4.30.0
      '@rollup/rollup-win32-x64-msvc': 4.30.0
      fsevents: 2.3.3

  safe-buffer@5.2.1: {}

  semver@6.3.1: {}

  serialize-javascript@6.0.2:
    dependencies:
      randombytes: 2.1.0

  serialize-query-params@2.0.2: {}

  smob@1.5.0: {}

  source-map-support@0.5.21:
    dependencies:
      buffer-from: 1.1.2
      source-map: 0.6.1

  source-map@0.6.1: {}

  source-map@0.7.4: {}

  stream-chain@2.2.5: {}

  stream-chain@3.3.2: {}

  stream-json@1.9.1:
    dependencies:
      stream-chain: 2.2.5

  string-length@6.0.0:
    dependencies:
      strip-ansi: 7.1.0

  string-width@4.2.3:
    dependencies:
      emoji-regex: 8.0.0
      is-fullwidth-code-point: 3.0.0
      strip-ansi: 6.0.1

  strip-ansi@6.0.1:
    dependencies:
      ansi-regex: 5.0.1

  strip-ansi@7.1.0:
    dependencies:
      ansi-regex: 6.1.0

  superstruct@2.0.2: {}

  supports-preserve-symlinks-flag@1.0.0: {}

  terser@5.37.0:
    dependencies:
      '@jridgewell/source-map': 0.3.6
      acorn: 8.14.0
      commander: 2.20.3
      source-map-support: 0.5.21

  ts-toolbelt@9.6.0: {}

  tslib@2.8.1: {}

  type-fest@4.31.0: {}

  typescript@5.7.2: {}

  wrap-ansi@7.0.0:
    dependencies:
      ansi-styles: 4.3.0
      string-width: 4.2.3
      strip-ansi: 6.0.1

  y18n@5.0.8: {}

  yargs-parser@21.1.1: {}

  yargs@17.7.2:
    dependencies:
      cliui: 8.0.1
      escalade: 3.2.0
      get-caller-file: 2.0.5
      require-directory: 2.1.1
      string-width: 4.2.3
      y18n: 5.0.8
      yargs-parser: 21.1.1

  zod@3.24.1: {}
